{
    "_readme": [
        "This file locks the dependencies of your project to a known state",
        "Read more about it at https://getcomposer.org/doc/01-basic-usage.md#composer-lock-the-lock-file",
        "This file is @generated automatically"
    ],
    "hash": "5f5c36af76d4b594773cc2d4becf8546",
    "packages": [
        {
            "name": "amzn/login-and-pay-with-amazon-sdk-php",
            "version": "dev-master",
            "source": {
                "type": "git",
                "url": "https://github.com/ejegg/login-and-pay-with-amazon-sdk-php",
                "reference": "24b31581d85c232a3b0f5038c2894d565c831392"
            },
            "require": {
                "ext-curl": "*",
                "php": ">=5.3.0"
            },
            "type": "library",
            "autoload": {
                "psr-4": {
                    "PayWithAmazon\\": "PayWithAmazon/"
                }
            },
            "license": [
                "Apache OSL-2"
            ],
            "authors": [
                {
                    "name": "Amazon Payments",
                    "email": "eps-dse@amazon.com"
                }
            ],
            "description": "Pay with Amazon SDK",
            "homepage": "https://github.com/amzn/login-and-pay-with-amazon-sdk-php",
            "keywords": [
                "amazon",
                "amazon payments",
                "pay",
                "pay with amazon",
                "payment",
                "payments"
            ],
            "time": "2015-08-24 21:48:53"
        },
        {
            "name": "fusesource/stomp-php",
            "version": "2.1.1",
            "source": {
                "type": "git",
                "url": "https://github.com/dejanb/stomp-php.git",
                "reference": "4ac51c0abee05078e198faf13f48c056a72f8f8c"
            },
            "dist": {
                "type": "zip",
                "url": "https://api.github.com/repos/dejanb/stomp-php/zipball/4ac51c0abee05078e198faf13f48c056a72f8f8c",
                "reference": "4ac51c0abee05078e198faf13f48c056a72f8f8c",
                "shasum": ""
            },
            "require": {
                "php": ">=5.3.0"
            },
            "type": "library",
            "autoload": {
                "psr-0": {
                    "FuseSource": "src/"
                }
            },
            "notification-url": "https://packagist.org/downloads/",
            "license": [
                "Apache-2.0"
            ],
            "authors": [
                {
                    "name": "Dejan Bosnanac",
                    "email": "dejan@nighttale.net",
                    "homepage": "http://www.nighttale.net"
                },
                {
                    "name": "Sören Rohweder",
                    "email": "s.rohweder@blage.net",
                    "homepage": "http://www.monofone.de"
                }
            ],
            "description": "stomp support for PHP",
            "homepage": "http://github.com/dejanb/stomp-php",
            "keywords": [
                "activeMQ",
                "jms",
                "messaging",
                "stomp"
            ],
            "time": "2013-02-23 17:34:44"
        },
        {
            "name": "phpmailer/phpmailer",
            "version": "v5.2.6",
            "source": {
                "type": "git",
                "url": "https://github.com/PHPMailer/PHPMailer.git",
                "reference": "4d9434e394496a5bb7acd9e73046587184b413df"
            },
            "dist": {
                "type": "zip",
                "url": "https://api.github.com/repos/PHPMailer/PHPMailer/zipball/4d9434e394496a5bb7acd9e73046587184b413df",
                "reference": "4d9434e394496a5bb7acd9e73046587184b413df",
                "shasum": ""
            },
            "require": {
                "php": ">=5.0.0"
            },
            "require-dev": {
                "phpdocumentor/phpdocumentor": "*",
                "phpunit/phpunit": "*"
            },
            "type": "library",
            "autoload": {
                "classmap": [
                    "class.phpmailer.php",
                    "class.pop3.php",
                    "class.smtp.php"
                ]
            },
            "notification-url": "https://packagist.org/downloads/",
            "license": [
                "LGPL-2.1"
            ],
            "authors": [
                {
                    "name": "Jim Jagielski",
                    "email": "jimjag@gmail.com"
                },
                {
                    "name": "Marcus Bointon",
                    "email": "phpmailer@synchromedia.co.uk"
                },
                {
                    "name": "Andy Prevost",
                    "email": "codeworxtech@users.sourceforge.net"
                },
                {
                    "name": "Brent R. Matzelle"
                }
            ],
            "description": "PHPMailer is a full-featured email creation and transfer class for PHP",
            "time": "2013-04-11 16:45:39"
        },
        {
            "name": "symfony/event-dispatcher",
            "version": "v2.3.30",
            "target-dir": "Symfony/Component/EventDispatcher",
            "source": {
                "type": "git",
                "url": "https://github.com/symfony/EventDispatcher.git",
                "reference": "af8fba40bdab97fc666173a8c2087e02445c231c"
            },
            "dist": {
                "type": "zip",
                "url": "https://api.github.com/repos/symfony/EventDispatcher/zipball/af8fba40bdab97fc666173a8c2087e02445c231c",
                "reference": "af8fba40bdab97fc666173a8c2087e02445c231c",
                "shasum": ""
            },
            "require": {
                "php": ">=5.3.3"
            },
            "require-dev": {
                "symfony/dependency-injection": "~2.0,>=2.0.5",
                "symfony/phpunit-bridge": "~2.7"
            },
            "suggest": {
                "symfony/dependency-injection": "",
                "symfony/http-kernel": ""
            },
            "type": "library",
            "extra": {
                "branch-alias": {
                    "dev-master": "2.3-dev"
                }
            },
            "autoload": {
                "psr-0": {
                    "Symfony\\Component\\EventDispatcher\\": ""
                }
            },
            "notification-url": "https://packagist.org/downloads/",
            "license": [
                "MIT"
            ],
            "authors": [
                {
                    "name": "Fabien Potencier",
                    "email": "fabien@symfony.com"
                },
                {
                    "name": "Symfony Community",
                    "homepage": "https://symfony.com/contributors"
                }
            ],
            "description": "Symfony EventDispatcher Component",
            "homepage": "https://symfony.com",
            "time": "2015-05-15 13:28:34"
        },
        {
            "name": "symfony/http-foundation",
            "version": "v2.3.30",
            "target-dir": "Symfony/Component/HttpFoundation",
            "source": {
                "type": "git",
                "url": "https://github.com/symfony/HttpFoundation.git",
                "reference": "a2223f6d2202af50ac2029bc9e2fa770de84fa3f"
            },
            "dist": {
                "type": "zip",
                "url": "https://api.github.com/repos/symfony/HttpFoundation/zipball/a2223f6d2202af50ac2029bc9e2fa770de84fa3f",
                "reference": "a2223f6d2202af50ac2029bc9e2fa770de84fa3f",
                "shasum": ""
            },
            "require": {
                "php": ">=5.3.3"
            },
            "require-dev": {
                "symfony/phpunit-bridge": "~2.7"
            },
            "type": "library",
            "extra": {
                "branch-alias": {
                    "dev-master": "2.3-dev"
                }
            },
            "autoload": {
                "psr-0": {
                    "Symfony\\Component\\HttpFoundation\\": ""
                },
                "classmap": [
                    "Symfony/Component/HttpFoundation/Resources/stubs"
                ]
            },
            "notification-url": "https://packagist.org/downloads/",
            "license": [
                "MIT"
            ],
            "authors": [
                {
                    "name": "Fabien Potencier",
                    "email": "fabien@symfony.com"
                },
                {
                    "name": "Symfony Community",
                    "homepage": "https://symfony.com/contributors"
                }
            ],
            "description": "Symfony HttpFoundation Component",
            "homepage": "https://symfony.com",
            "time": "2015-05-20 08:53:09"
        }
    ],
    "packages-dev": [],
    "aliases": [],
    "minimum-stability": "stable",
    "stability-flags": {
        "amzn/login-and-pay-with-amazon-sdk-php": 20
    },
    "prefer-stable": false,
    "prefer-lowest": false,
    "platform": {
        "php": ">=5.3.3"
    },
    "platform-dev": []
}
